
Microsoft Visual Studio Solution File, Format Version 12.00
# Visual Studio 15
VisualStudioVersion = 15.0.26124.0
MinimumVisualStudioVersion = 15.0.26124.0
Project("{FAE04EC0-301F-11D3-BF4B-00C04F79EFBC}") = "Domain", "Domain\Domain.csproj", "{C92D0F25-1900-4F11-94EE-5962B05847AC}"
EndProject
Project("{FAE04EC0-301F-11D3-BF4B-00C04F79EFBC}") = "Application", "Application\Application.csproj", "{AB2D3426-84EC-4130-A654-881A610CAF47}"
EndProject
Project("{FAE04EC0-301F-11D3-BF4B-00C04F79EFBC}") = "Persistence", "Persistence\Persistence.csproj", "{04BE76E9-4DC5-43CC-9911-9F187963A467}"
EndProject
Project("{FAE04EC0-301F-11D3-BF4B-00C04F79EFBC}") = "API", "API\API.csproj", "{A3228A8E-E05A-48BD-AD52-B8BE6C05AC36}"
EndProject
Project("{FAE04EC0-301F-11D3-BF4B-00C04F79EFBC}") = "Infrastructure", "Infrastructure\Infrastructure.csproj", "{8E5BDAFF-FD93-4795-A788-AB0D34C17F2E}"
EndProject
Global
	GlobalSection(SolutionConfigurationPlatforms) = preSolution
		Debug|Any CPU = Debug|Any CPU
		Debug|x64 = Debug|x64
		Debug|x86 = Debug|x86
		Release|Any CPU = Release|Any CPU
		Release|x64 = Release|x64
		Release|x86 = Release|x86
	EndGlobalSection
	GlobalSection(SolutionProperties) = preSolution
		HideSolutionNode = FALSE
	EndGlobalSection
	GlobalSection(ProjectConfigurationPlatforms) = postSolution
		{C92D0F25-1900-4F11-94EE-5962B05847AC}.Debug|Any CPU.ActiveCfg = Debug|Any CPU
		{C92D0F25-1900-4F11-94EE-5962B05847AC}.Debug|Any CPU.Build.0 = Debug|Any CPU
		{C92D0F25-1900-4F11-94EE-5962B05847AC}.Debug|x64.ActiveCfg = Debug|Any CPU
		{C92D0F25-1900-4F11-94EE-5962B05847AC}.Debug|x64.Build.0 = Debug|Any CPU
		{C92D0F25-1900-4F11-94EE-5962B05847AC}.Debug|x86.ActiveCfg = Debug|Any CPU
		{C92D0F25-1900-4F11-94EE-5962B05847AC}.Debug|x86.Build.0 = Debug|Any CPU
		{C92D0F25-1900-4F11-94EE-5962B05847AC}.Release|Any CPU.ActiveCfg = Release|Any CPU
		{C92D0F25-1900-4F11-94EE-5962B05847AC}.Release|Any CPU.Build.0 = Release|Any CPU
		{C92D0F25-1900-4F11-94EE-5962B05847AC}.Release|x64.ActiveCfg = Release|Any CPU
		{C92D0F25-1900-4F11-94EE-5962B05847AC}.Release|x64.Build.0 = Release|Any CPU
		{C92D0F25-1900-4F11-94EE-5962B05847AC}.Release|x86.ActiveCfg = Release|Any CPU
		{C92D0F25-1900-4F11-94EE-5962B05847AC}.Release|x86.Build.0 = Release|Any CPU
		{AB2D3426-84EC-4130-A654-881A610CAF47}.Debug|Any CPU.ActiveCfg = Debug|Any CPU
		{AB2D3426-84EC-4130-A654-881A610CAF47}.Debug|Any CPU.Build.0 = Debug|Any CPU
		{AB2D3426-84EC-4130-A654-881A610CAF47}.Debug|x64.ActiveCfg = Debug|Any CPU
		{AB2D3426-84EC-4130-A654-881A610CAF47}.Debug|x64.Build.0 = Debug|Any CPU
		{AB2D3426-84EC-4130-A654-881A610CAF47}.Debug|x86.ActiveCfg = Debug|Any CPU
		{AB2D3426-84EC-4130-A654-881A610CAF47}.Debug|x86.Build.0 = Debug|Any CPU
		{AB2D3426-84EC-4130-A654-881A610CAF47}.Release|Any CPU.ActiveCfg = Release|Any CPU
		{AB2D3426-84EC-4130-A654-881A610CAF47}.Release|Any CPU.Build.0 = Release|Any CPU
		{AB2D3426-84EC-4130-A654-881A610CAF47}.Release|x64.ActiveCfg = Release|Any CPU
		{AB2D3426-84EC-4130-A654-881A610CAF47}.Release|x64.Build.0 = Release|Any CPU
		{AB2D3426-84EC-4130-A654-881A610CAF47}.Release|x86.ActiveCfg = Release|Any CPU
		{AB2D3426-84EC-4130-A654-881A610CAF47}.Release|x86.Build.0 = Release|Any CPU
		{04BE76E9-4DC5-43CC-9911-9F187963A467}.Debug|Any CPU.ActiveCfg = Debug|Any CPU
		{04BE76E9-4DC5-43CC-9911-9F187963A467}.Debug|Any CPU.Build.0 = Debug|Any CPU
		{04BE76E9-4DC5-43CC-9911-9F187963A467}.Debug|x64.ActiveCfg = Debug|Any CPU
		{04BE76E9-4DC5-43CC-9911-9F187963A467}.Debug|x64.Build.0 = Debug|Any CPU
		{04BE76E9-4DC5-43CC-9911-9F187963A467}.Debug|x86.ActiveCfg = Debug|Any CPU
		{04BE76E9-4DC5-43CC-9911-9F187963A467}.Debug|x86.Build.0 = Debug|Any CPU
		{04BE76E9-4DC5-43CC-9911-9F187963A467}.Release|Any CPU.ActiveCfg = Release|Any CPU
		{04BE76E9-4DC5-43CC-9911-9F187963A467}.Release|Any CPU.Build.0 = Release|Any CPU
		{04BE76E9-4DC5-43CC-9911-9F187963A467}.Release|x64.ActiveCfg = Release|Any CPU
		{04BE76E9-4DC5-43CC-9911-9F187963A467}.Release|x64.Build.0 = Release|Any CPU
		{04BE76E9-4DC5-43CC-9911-9F187963A467}.Release|x86.ActiveCfg = Release|Any CPU
		{04BE76E9-4DC5-43CC-9911-9F187963A467}.Release|x86.Build.0 = Release|Any CPU
		{A3228A8E-E05A-48BD-AD52-B8BE6C05AC36}.Debug|Any CPU.ActiveCfg = Debug|Any CPU
		{A3228A8E-E05A-48BD-AD52-B8BE6C05AC36}.Debug|Any CPU.Build.0 = Debug|Any CPU
		{A3228A8E-E05A-48BD-AD52-B8BE6C05AC36}.Debug|x64.ActiveCfg = Debug|Any CPU
		{A3228A8E-E05A-48BD-AD52-B8BE6C05AC36}.Debug|x64.Build.0 = Debug|Any CPU
		{A3228A8E-E05A-48BD-AD52-B8BE6C05AC36}.Debug|x86.ActiveCfg = Debug|Any CPU
		{A3228A8E-E05A-48BD-AD52-B8BE6C05AC36}.Debug|x86.Build.0 = Debug|Any CPU
		{A3228A8E-E05A-48BD-AD52-B8BE6C05AC36}.Release|Any CPU.ActiveCfg = Release|Any CPU
		{A3228A8E-E05A-48BD-AD52-B8BE6C05AC36}.Release|Any CPU.Build.0 = Release|Any CPU
		{A3228A8E-E05A-48BD-AD52-B8BE6C05AC36}.Release|x64.ActiveCfg = Release|Any CPU
		{A3228A8E-E05A-48BD-AD52-B8BE6C05AC36}.Release|x64.Build.0 = Release|Any CPU
		{A3228A8E-E05A-48BD-AD52-B8BE6C05AC36}.Release|x86.ActiveCfg = Release|Any CPU
		{A3228A8E-E05A-48BD-AD52-B8BE6C05AC36}.Release|x86.Build.0 = Release|Any CPU
		{8E5BDAFF-FD93-4795-A788-AB0D34C17F2E}.Debug|Any CPU.ActiveCfg = Debug|Any CPU
		{8E5BDAFF-FD93-4795-A788-AB0D34C17F2E}.Debug|Any CPU.Build.0 = Debug|Any CPU
		{8E5BDAFF-FD93-4795-A788-AB0D34C17F2E}.Debug|x64.ActiveCfg = Debug|Any CPU
		{8E5BDAFF-FD93-4795-A788-AB0D34C17F2E}.Debug|x64.Build.0 = Debug|Any CPU
		{8E5BDAFF-FD93-4795-A788-AB0D34C17F2E}.Debug|x86.ActiveCfg = Debug|Any CPU
		{8E5BDAFF-FD93-4795-A788-AB0D34C17F2E}.Debug|x86.Build.0 = Debug|Any CPU
		{8E5BDAFF-FD93-4795-A788-AB0D34C17F2E}.Release|Any CPU.ActiveCfg = Release|Any CPU
		{8E5BDAFF-FD93-4795-A788-AB0D34C17F2E}.Release|Any CPU.Build.0 = Release|Any CPU
		{8E5BDAFF-FD93-4795-A788-AB0D34C17F2E}.Release|x64.ActiveCfg = Release|Any CPU
		{8E5BDAFF-FD93-4795-A788-AB0D34C17F2E}.Release|x64.Build.0 = Release|Any CPU
		{8E5BDAFF-FD93-4795-A788-AB0D34C17F2E}.Release|x86.ActiveCfg = Release|Any CPU
		{8E5BDAFF-FD93-4795-A788-AB0D34C17F2E}.Release|x86.Build.0 = Release|Any CPU
	EndGlobalSection
EndGlobal
